
Microsoft Visual Studio Solution File, Format Version 12.00
# Visual Studio Version 17
VisualStudioVersion = 17.0.31903.59
MinimumVisualStudioVersion = 10.0.40219.1
Project("{FAE04EC0-301F-11D3-BF4B-00C04F79EFBC}") = "trilha-net-tdd", "trilha-net-tdd\trilha-net-tdd.csproj", "{17DDD3E6-4A00-4C01-8761-266F497D610F}"
EndProject
Project("{FAE04EC0-301F-11D3-BF4B-00C04F79EFBC}") = "trilha-net-tdd.Tests", "trilha-net-tdd.Tests\trilha-net-tdd.Tests.csproj", "{64162D87-0D1D-4D93-A12E-261FDC33FF9F}"
EndProject
Global
	GlobalSection(SolutionConfigurationPlatforms) = preSolution
		Debug|Any CPU = Debug|Any CPU
		Release|Any CPU = Release|Any CPU
	EndGlobalSection
	GlobalSection(SolutionProperties) = preSolution
		HideSolutionNode = FALSE
	EndGlobalSection
	GlobalSection(ProjectConfigurationPlatforms) = postSolution
		{17DDD3E6-4A00-4C01-8761-266F497D610F}.Debug|Any CPU.ActiveCfg = Debug|Any CPU
		{17DDD3E6-4A00-4C01-8761-266F497D610F}.Debug|Any CPU.Build.0 = Debug|Any CPU
		{17DDD3E6-4A00-4C01-8761-266F497D610F}.Release|Any CPU.ActiveCfg = Release|Any CPU
		{17DDD3E6-4A00-4C01-8761-266F497D610F}.Release|Any CPU.Build.0 = Release|Any CPU
		{64162D87-0D1D-4D93-A12E-261FDC33FF9F}.Debug|Any CPU.ActiveCfg = Debug|Any CPU
		{64162D87-0D1D-4D93-A12E-261FDC33FF9F}.Debug|Any CPU.Build.0 = Debug|Any CPU
		{64162D87-0D1D-4D93-A12E-261FDC33FF9F}.Release|Any CPU.ActiveCfg = Release|Any CPU
		{64162D87-0D1D-4D93-A12E-261FDC33FF9F}.Release|Any CPU.Build.0 = Release|Any CPU
	EndGlobalSection
EndGlobal
